
Microsoft Visual Studio Solution File, Format Version 12.00
Project("{FAE04EC0-301F-11D3-BF4B-00C04F79EFBC}") = "OsrsLeaguesHiscoresBot", "OsrsLeaguesHiscoresBot\OsrsLeaguesHiscoresBot.csproj", "{E940D955-C71A-4300-AC7E-7D9457653009}"
EndProject
Project("{FAE04EC0-301F-11D3-BF4B-00C04F79EFBC}") = "DiscordBuilder", "DiscordBuilder\DiscordBuilder.csproj", "{3F4E576F-7219-4FAF-9984-1BF64973014B}"
EndProject
Project("{FAE04EC0-301F-11D3-BF4B-00C04F79EFBC}") = "CommandParser", "CommandParser\CommandParser.csproj", "{E3017DB5-4830-468D-9FFF-7D0764EEC6D6}"
EndProject
Project("{2150E333-8FDC-42A3-9474-1A3956D46DE8}") = "test", "test", "{BB4CD434-6222-4482-8DE3-59BFCA078125}"
EndProject
Project("{2150E333-8FDC-42A3-9474-1A3956D46DE8}") = "src", "src", "{F7A796E8-CF92-4E86-9D5C-8DCC44766B29}"
EndProject
Project("{FAE04EC0-301F-11D3-BF4B-00C04F79EFBC}") = "CommandParser.Test", "CommandParser.Test\CommandParser.Test.csproj", "{C69586EC-CB81-4226-80F1-2203F5A53D84}"
EndProject
Project("{FAE04EC0-301F-11D3-BF4B-00C04F79EFBC}") = "Infrastructure.Data", "Infrastructure.Data\Infrastructure.Data.csproj", "{F24F1C95-DC62-4DF7-A6DE-69DDE6EAEE67}"
EndProject
Project("{2150E333-8FDC-42A3-9474-1A3956D46DE8}") = "libs", "libs", "{952F83F8-76E6-47ED-A9EE-EF8A62B0CC78}"
EndProject
Project("{FAE04EC0-301F-11D3-BF4B-00C04F79EFBC}") = "Interface.Commands", "Interface.Commands\Interface.Commands.csproj", "{7F82ADEB-6251-457E-A3C6-3408A7B21077}"
EndProject
Global
	GlobalSection(SolutionConfigurationPlatforms) = preSolution
		Debug|Any CPU = Debug|Any CPU
		Release|Any CPU = Release|Any CPU
	EndGlobalSection
	GlobalSection(ProjectConfigurationPlatforms) = postSolution
		{E940D955-C71A-4300-AC7E-7D9457653009}.Debug|Any CPU.ActiveCfg = Debug|Any CPU
		{E940D955-C71A-4300-AC7E-7D9457653009}.Debug|Any CPU.Build.0 = Debug|Any CPU
		{E940D955-C71A-4300-AC7E-7D9457653009}.Release|Any CPU.ActiveCfg = Release|Any CPU
		{E940D955-C71A-4300-AC7E-7D9457653009}.Release|Any CPU.Build.0 = Release|Any CPU
		{3F4E576F-7219-4FAF-9984-1BF64973014B}.Debug|Any CPU.ActiveCfg = Debug|Any CPU
		{3F4E576F-7219-4FAF-9984-1BF64973014B}.Debug|Any CPU.Build.0 = Debug|Any CPU
		{3F4E576F-7219-4FAF-9984-1BF64973014B}.Release|Any CPU.ActiveCfg = Release|Any CPU
		{3F4E576F-7219-4FAF-9984-1BF64973014B}.Release|Any CPU.Build.0 = Release|Any CPU
		{E3017DB5-4830-468D-9FFF-7D0764EEC6D6}.Debug|Any CPU.ActiveCfg = Debug|Any CPU
		{E3017DB5-4830-468D-9FFF-7D0764EEC6D6}.Debug|Any CPU.Build.0 = Debug|Any CPU
		{E3017DB5-4830-468D-9FFF-7D0764EEC6D6}.Release|Any CPU.ActiveCfg = Release|Any CPU
		{E3017DB5-4830-468D-9FFF-7D0764EEC6D6}.Release|Any CPU.Build.0 = Release|Any CPU
		{C69586EC-CB81-4226-80F1-2203F5A53D84}.Debug|Any CPU.ActiveCfg = Debug|Any CPU
		{C69586EC-CB81-4226-80F1-2203F5A53D84}.Debug|Any CPU.Build.0 = Debug|Any CPU
		{C69586EC-CB81-4226-80F1-2203F5A53D84}.Release|Any CPU.ActiveCfg = Release|Any CPU
		{C69586EC-CB81-4226-80F1-2203F5A53D84}.Release|Any CPU.Build.0 = Release|Any CPU
		{F24F1C95-DC62-4DF7-A6DE-69DDE6EAEE67}.Debug|Any CPU.ActiveCfg = Debug|Any CPU
		{F24F1C95-DC62-4DF7-A6DE-69DDE6EAEE67}.Debug|Any CPU.Build.0 = Debug|Any CPU
		{F24F1C95-DC62-4DF7-A6DE-69DDE6EAEE67}.Release|Any CPU.ActiveCfg = Release|Any CPU
		{F24F1C95-DC62-4DF7-A6DE-69DDE6EAEE67}.Release|Any CPU.Build.0 = Release|Any CPU
		{7F82ADEB-6251-457E-A3C6-3408A7B21077}.Debug|Any CPU.ActiveCfg = Debug|Any CPU
		{7F82ADEB-6251-457E-A3C6-3408A7B21077}.Debug|Any CPU.Build.0 = Debug|Any CPU
		{7F82ADEB-6251-457E-A3C6-3408A7B21077}.Release|Any CPU.ActiveCfg = Release|Any CPU
		{7F82ADEB-6251-457E-A3C6-3408A7B21077}.Release|Any CPU.Build.0 = Release|Any CPU
	EndGlobalSection
	GlobalSection(NestedProjects) = preSolution
		{E940D955-C71A-4300-AC7E-7D9457653009} = {F7A796E8-CF92-4E86-9D5C-8DCC44766B29}
		{C69586EC-CB81-4226-80F1-2203F5A53D84} = {BB4CD434-6222-4482-8DE3-59BFCA078125}
		{F24F1C95-DC62-4DF7-A6DE-69DDE6EAEE67} = {F7A796E8-CF92-4E86-9D5C-8DCC44766B29}
		{E3017DB5-4830-468D-9FFF-7D0764EEC6D6} = {952F83F8-76E6-47ED-A9EE-EF8A62B0CC78}
		{3F4E576F-7219-4FAF-9984-1BF64973014B} = {952F83F8-76E6-47ED-A9EE-EF8A62B0CC78}
		{7F82ADEB-6251-457E-A3C6-3408A7B21077} = {F7A796E8-CF92-4E86-9D5C-8DCC44766B29}
	EndGlobalSection
EndGlobal
